// !$*UTF8*$!
{
	archiveVersion = 1;
	classes = {
	};
	objectVersion = 48;
	objects = {

/* Begin PBXBuildFile section */
		41F1991A1FC5A48900D40126 /* AppDelegate.swift in Sources */ = {isa = PBXBuildFile; fileRef = 41F199191FC5A48900D40126 /* AppDelegate.swift */; };
		41F1991C1FC5A48900D40126 /* ViewController.swift in Sources */ = {isa = PBXBuildFile; fileRef = 41F1991B1FC5A48900D40126 /* ViewController.swift */; };
		41F1991F1FC5A48900D40126 /* Main.storyboard in Resources */ = {isa = PBXBuildFile; fileRef = 41F1991D1FC5A48900D40126 /* Main.storyboard */; };
		41F199211FC5A48900D40126 /* Assets.xcassets in Resources */ = {isa = PBXBuildFile; fileRef = 41F199201FC5A48900D40126 /* Assets.xcassets */; };
		41F199241FC5A48900D40126 /* LaunchScreen.storyboard in Resources */ = {isa = PBXBuildFile; fileRef = 41F199221FC5A48900D40126 /* LaunchScreen.storyboard */; };
		41F1992C1FC5B5F000D40126 /* DetailViewController.swift in Sources */ = {isa = PBXBuildFile; fileRef = 41F1992B1FC5B5F000D40126 /* DetailViewController.swift */; };
/* End PBXBuildFile section */

/* Begin PBXFileReference section */
		41F199161FC5A48900D40126 /* com.egco428.a23088.app */ = {isa = PBXFileReference; explicitFileType = wrapper.application; includeInIndex = 0; path = com.egco428.a23088.app; sourceTree = BUILT_PRODUCTS_DIR; };
		41F199191FC5A48900D40126 /* AppDelegate.swift */ = {isa = PBXFileReference; lastKnownFileType = sourcecode.swift; path = AppDelegate.swift; sourceTree = "<group>"; };
		41F1991B1FC5A48900D40126 /* ViewController.swift */ = {isa = PBXFileReference; lastKnownFileType = sourcecode.swift; path = ViewController.swift; sourceTree = "<group>"; };
		41F1991E1FC5A48900D40126 /* Base */ = {isa = PBXFileReference; lastKnownFileType = file.storyboard; name = Base; path = Base.lproj/Main.storyboard; sourceTree = "<group>"; };
		41F199201FC5A48900D40126 /* Assets.xcassets */ = {isa = PBXFileReference; lastKnownFileType = folder.assetcatalog; path = Assets.xcassets; sourceTree = "<group>"; };
		41F199231FC5A48900D40126 /* Base */ = {isa = PBXFileReference; lastKnownFileType = file.storyboard; name = Base; path = Base.lproj/LaunchScreen.storyboard; sourceTree = "<group>"; };
		41F199251FC5A48900D40126 /* Info.plist */ = {isa = PBXFileReference; lastKnownFileType = text.plist.xml; path = Info.plist; sourceTree = "<group>"; };
		41F1992B1FC5B5F000D40126 /* DetailViewController.swift */ = {isa = PBXFileReference; lastKnownFileType = sourcecode.swift; path = DetailViewController.swift; sourceTree = "<group>"; };
/* End PBXFileReference section */

/* Begin PBXFrameworksBuildPhase section */
		41F199131FC5A48900D40126 /* Frameworks */ = {
			isa = PBXFrameworksBuildPhase;
			buildActionMask = 2147483647;
			files = (
			);
			runOnlyForDeploymentPostprocessing = 0;
		};
/* End PBXFrameworksBuildPhase section */

/* Begin PBXGroup section */
		41F1990D1FC5A48900D40126 = {
			isa = PBXGroup;
			children = (
				41F199181FC5A48900D40126 /* com.egco428.a23088 */,
				41F199171FC5A48900D40126 /* Products */,
			);
			sourceTree = "<group>";
		};
		41F199171FC5A48900D40126 /* Products */ = {
			isa = PBXGroup;
			children = (
				41F199161FC5A48900D40126 /* com.egco428.a23088.app */,
			);
			name = Products;
			sourceTree = "<group>";
		};
		41F199181FC5A48900D40126 /* com.egco428.a23088 */ = {
			isa = PBXGroup;
			children = (
				41F199191FC5A48900D40126 /* AppDelegate.swift */,
				41F1991B1FC5A48900D40126 /* ViewController.swift */,
				41F1992B1FC5B5F000D40126 /* DetailViewController.swift */,
				41F1991D1FC5A48900D40126 /* Main.storyboard */,
				41F199201FC5A48900D40126 /* Assets.xcassets */,
				41F199221FC5A48900D40126 /* LaunchScreen.storyboard */,
				41F199251FC5A48900D40126 /* Info.plist */,
			);
			path = com.egco428.a23088;
			sourceTree = "<group>";
		};
/* End PBXGroup section */

/* Begin PBXNativeTarget section */
		41F199151FC5A48900D40126 /* com.egco428.a23088 */ = {
			isa = PBXNativeTarget;
			buildConfigurationList = 41F199281FC5A48900D40126 /* Build configuration list for PBXNativeTarget "com.egco428.a23088" */;
			buildPhases = (
				41F199121FC5A48900D40126 /* Sources */,
				41F199131FC5A48900D40126 /* Frameworks */,
				41F199141FC5A48900D40126 /* Resources */,
			);
			buildRules = (
			);
			dependencies = (
			);
			name = com.egco428.a23088;
			productName = com.egco428.a23088;
			productReference = 41F199161FC5A48900D40126 /* com.egco428.a23088.app */;
			productType = "com.apple.product-type.application";
		};
/* End PBXNativeTarget section */

/* Begin PBXProject section */
		41F1990E1FC5A48900D40126 /* Project object */ = {
			isa = PBXProject;
			attributes = {
				LastSwiftUpdateCheck = 0900;
				LastUpgradeCheck = 0900;
				ORGANIZATIONNAME = "Pongdec><MacBook";
				TargetAttributes = {
					41F199151FC5A48900D40126 = {
						CreatedOnToolsVersion = 9.0;
						ProvisioningStyle = Automatic;
					};
				};
			};
			buildConfigurationList = 41F199111FC5A48900D40126 /* Build configuration list for PBXProject "com.egco428.a23088" */;
			compatibilityVersion = "Xcode 8.0";
			developmentRegion = en;
			hasScannedForEncodings = 0;
			knownRegions = (
				en,
				Base,
			);
			mainGroup = 41F1990D1FC5A48900D40126;
			productRefGroup = 41F199171FC5A48900D40126 /* Products */;
			projectDirPath = "";
			projectRoot = "";
			targets = (
				41F199151FC5A48900D40126 /* com.egco428.a23088 */,
			);
		};
/* End PBXProject section */

/* Begin PBXResourcesBuildPhase section */
		41F199141FC5A48900D40126 /* Resources */ = {
			isa = PBXResourcesBuildPhase;
			buildActionMask = 2147483647;
			files = (
				41F199241FC5A48900D40126 /* LaunchScreen.storyboard in Resources */,
				41F199211FC5A48900D40126 /* Assets.xcassets in Resources */,
				41F1991F1FC5A48900D40126 /* Main.storyboard in Resources */,
			);
			runOnlyForDeploymentPostprocessing = 0;
		};
/* End PBXResourcesBuildPhase section */

/* Begin PBXSourcesBuildPhase section */
		41F199121FC5A48900D40126 /* Sources */ = {
			isa = PBXSourcesBuildPhase;
			buildActionMask = 2147483647;
			files = (
				41F1992C1FC5B5F000D40126 /* DetailViewController.swift in Sources */,
				41F1991C1FC5A48900D40126 /* ViewController.swift in Sources */,
				41F1991A1FC5A48900D40126 /* AppDelegate.swift in Sources */,
			);
			runOnlyForDeploymentPostprocessing = 0;
		};
/* End PBXSourcesBuildPhase section */

/* Begin PBXVariantGroup section */
		41F1991D1FC5A48900D40126 /* Main.storyboard */ = {
			isa = PBXVariantGroup;
			children = (
				41F1991E1FC5A48900D40126 /* Base */,
			);
			name = Main.storyboard;
			sourceTree = "<group>";
		};
		41F199221FC5A48900D40126 /* LaunchScreen.storyboard */ = {
			isa = PBXVariantGroup;
			children = (
				41F199231FC5A48900D40126 /* Base */,
			);
			name = LaunchScreen.storyboard;
			sourceTree = "<group>";
		};
/* End PBXVariantGroup section */

/* Begin XCBuildConfiguration section */
		41F199261FC5A48900D40126 /* Debug */ = {
			isa = XCBuildConfiguration;
			buildSettings = {
				ALWAYS_SEARCH_USER_PATHS = NO;
				CLANG_ANALYZER_NONNULL = YES;
				CLANG_ANALYZER_NUMBER_OBJECT_CONVERSION = YES_AGGRESSIVE;
				CLANG_CXX_LANGUAGE_STANDARD = "gnu++14";
				CLANG_CXX_LIBRARY = "libc++";
				CLANG_ENABLE_MODULES = YES;
				CLANG_ENABLE_OBJC_ARC = YES;
				CLANG_WARN_BLOCK_CAPTURE_AUTORELEASING = YES;
				CLANG_WARN_BOOL_CONVERSION = YES;
				CLANG_WARN_COMMA = YES;
				CLANG_WARN_CONSTANT_CONVERSION = YES;
				CLANG_WARN_DIRECT_OBJC_ISA_USAGE = YES_ERROR;
				CLANG_WARN_DOCUMENTATION_COMMENTS = YES;
				CLANG_WARN_EMPTY_BODY = YES;
				CLANG_WARN_ENUM_CONVERSION = YES;
				CLANG_WARN_INFINITE_RECURSION = YES;
				CLANG_WARN_INT_CONVERSION = YES;
				CLANG_WARN_NON_LITERAL_NULL_CONVERSION = YES;
				CLANG_WARN_OBJC_LITERAL_CONVERSION = YES;
				CLANG_WARN_OBJC_ROOT_CLASS = YES_ERROR;
				CLANG_WARN_RANGE_LOOP_ANALYSIS = YES;
				CLANG_WARN_STRICT_PROTOTYPES = YES;
				CLANG_WARN_SUSPICIOUS_MOVE = YES;
				CLANG_WARN_UNGUARDED_AVAILABILITY = YES_AGGRESSIVE;
				CLANG_WARN_UNREACHABLE_CODE = YES;
				CLANG_WARN__DUPLICATE_METHOD_MATCH = YES;
				CODE_SIGN_IDENTITY = "iPhone Developer";
				COPY_PHASE_STRIP = NO;
				DEBUG_INFORMATION_FORMAT = dwarf;
				ENABLE_STRICT_OBJC_MSGSEND = YES;
				ENABLE_TESTABILITY = YES;
				GCC_C_LANGUAGE_STANDARD = gnu11;
				GCC_DYNAMIC_NO_PIC = NO;
				GCC_NO_COMMON_BLOCKS = YES;
				GCC_OPTIMIZATION_LEVEL = 0;
				GCC_PREPROCESSOR_DEFINITIONS = (
					"DEBUG=1",
					"$(inherited)",
				);
				GCC_WARN_64_TO_32_BIT_CONVERSION = YES;
				GCC_WARN_ABOUT_RETURN_TYPE = YES_ERROR;
				GCC_WARN_UNDECLARED_SELECTOR = YES;
				GCC_WARN_UNINITIALIZED_AUTOS = YES_AGGRESSIVE;
				GCC_WARN_UNUSED_FUNCTION = YES;
				GCC_WARN_UNUSED_VARIABLE = YES;
				IPHONEOS_DEPLOYMENT_TARGET = 11.0;
				MTL_ENABLE_DEBUG_INFO = YES;
				ONLY_ACTIVE_ARCH = YES;
				SDKROOT = iphoneos;
				SWIFT_ACTIVE_COMPILATION_CONDITIONS = DEBUG;
				SWIFT_OPTIMIZATION_LEVEL = "-Onone";
			};
			name = Debug;
		};
		41F199271FC5A48900D40126 /* Release */ = {
			isa = XCBuildConfiguration;
			buildSettings = {
				ALWAYS_SEARCH_USER_PATHS = NO;
				CLANG_ANALYZER_NONNULL = YES;
				CLANG_ANALYZER_NUMBER_OBJECT_CONVERSION = YES_AGGRESSIVE;
				CLANG_CXX_LANGUAGE_STANDARD = "gnu++14";
				CLANG_CXX_LIBRARY = "libc++";
				CLANG_ENABLE_MODULES = YES;
				CLANG_ENABLE_OBJC_ARC = YES;
				CLANG_WARN_BLOCK_CAPTURE_AUTORELEASING = YES;
				CLANG_WARN_BOOL_CONVERSION = YES;
				CLANG_WARN_COMMA = YES;
				CLANG_WARN_CONSTANT_CONVERSION = YES;
				CLANG_WARN_DIRECT_OBJC_ISA_USAGE = YES_ERROR;
				CLANG_WARN_DOCUMENTATION_COMMENTS = YES;
				CLANG_WARN_EMPTY_BODY = YES;
				CLANG_WARN_ENUM_CONVERSION = YES;
				CLANG_WARN_INFINITE_RECURSION = YES;
				CLANG_WARN_INT_CONVERSION = YES;
				CLANG_WARN_NON_LITERAL_NULL_CONVERSION = YES;
				CLANG_WARN_OBJC_LITERAL_CONVERSION = YES;
				CLANG_WARN_OBJC_ROOT_CLASS = YES_ERROR;
				CLANG_WARN_RANGE_LOOP_ANALYSIS = YES;
				CLANG_WARN_STRICT_PROTOTYPES = YES;
				CLANG_WARN_SUSPICIOUS_MOVE = YES;
				CLANG_WARN_UNGUARDED_AVAILABILITY = YES_AGGRESSIVE;
				CLANG_WARN_UNREACHABLE_CODE = YES;
				CLANG_WARN__DUPLICATE_METHOD_MATCH = YES;
				CODE_SIGN_IDENTITY = "iPhone Developer";
				COPY_PHASE_STRIP = NO;
				DEBUG_INFORMATION_FORMAT = "dwarf-with-dsym";
				ENABLE_NS_ASSERTIONS = NO;
				ENABLE_STRICT_OBJC_MSGSEND = YES;
				GCC_C_LANGUAGE_STANDARD = gnu11;
				GCC_NO_COMMON_BLOCKS = YES;
				GCC_WARN_64_TO_32_BIT_CONVERSION = YES;
				GCC_WARN_ABOUT_RETURN_TYPE = YES_ERROR;
				GCC_WARN_UNDECLARED_SELECTOR = YES;
				GCC_WARN_UNINITIALIZED_AUTOS = YES_AGGRESSIVE;
				GCC_WARN_UNUSED_FUNCTION = YES;
				GCC_WARN_UNUSED_VARIABLE = YES;
				IPHONEOS_DEPLOYMENT_TARGET = 11.0;
				MTL_ENABLE_DEBUG_INFO = NO;
				SDKROOT = iphoneos;
				SWIFT_OPTIMIZATION_LEVEL = "-Owholemodule";
				VALIDATE_PRODUCT = YES;
			};
			name = Release;
		};
		41F199291FC5A48900D40126 /* Debug */ = {
			isa = XCBuildConfiguration;
			buildSettings = {
				ASSETCATALOG_COMPILER_APPICON_NAME = AppIcon;
				CODE_SIGN_STYLE = Automatic;
				INFOPLIST_FILE = com.egco428.a23088/Info.plist;
				LD_RUNPATH_SEARCH_PATHS = "$(inherited) @executable_path/Frameworks";
				PRODUCT_BUNDLE_IDENTIFIER = "com.pongdec.com-egco428-a23088";
				PRODUCT_NAME = "$(TARGET_NAME)";
				SWIFT_VERSION = 4.0;
				TARGETED_DEVICE_FAMILY = "1,2";
			};
			name = Debug;
		};
		41F1992A1FC5A48900D40126 /* Release */ = {
			isa = XCBuildConfiguration;
			buildSettings = {
				ASSETCATALOG_COMPILER_APPICON_NAME = AppIcon;
				CODE_SIGN_STYLE = Automatic;
				INFOPLIST_FILE = com.egco428.a23088/Info.plist;
				LD_RUNPATH_SEARCH_PATHS = "$(inherited) @executable_path/Frameworks";
				PRODUCT_BUNDLE_IDENTIFIER = "com.pongdec.com-egco428-a23088";
				PRODUCT_NAME = "$(TARGET_NAME)";
				SWIFT_VERSION = 4.0;
				TARGETED_DEVICE_FAMILY = "1,2";
			};
			name = Release;
		};
/* End XCBuildConfiguration section */

/* Begin XCConfigurationList section */
		41F199111FC5A48900D40126 /* Build configuration list for PBXProject "com.egco428.a23088" */ = {
			isa = XCConfigurationList;
			buildConfigurations = (
				41F199261FC5A48900D40126 /* Debug */,
				41F199271FC5A48900D40126 /* Release */,
			);
			defaultConfigurationIsVisible = 0;
			defaultConfigurationName = Release;
		};
		41F199281FC5A48900D40126 /* Build configuration list for PBXNativeTarget "com.egco428.a23088" */ = {
			isa = XCConfigurationList;
			buildConfigurations = (
				41F199291FC5A48900D40126 /* Debug */,
				41F1992A1FC5A48900D40126 /* Release */,
			);
			defaultConfigurationIsVisible = 0;
			defaultConfigurationName = Release;
		};
/* End XCConfigurationList section */
	};
	rootObject = 41F1990E1FC5A48900D40126 /* Project object */;
}
